
Microsoft Visual Studio Solution File, Format Version 12.00
# Visual Studio Version 16
VisualStudioVersion = 16.0.29306.81
MinimumVisualStudioVersion = 10.0.40219.1
Project("{FAE04EC0-301F-11D3-BF4B-00C04F79EFBC}") = "XamarinAssign2.UWP", "XamarinAssign2\XamarinAssign2.UWP\XamarinAssign2.UWP.csproj", "{82FF60F7-7646-46AC-A295-7601916EA3F8}"
EndProject
Project("{FAE04EC0-301F-11D3-BF4B-00C04F79EFBC}") = "XamarinAssign2.Android", "XamarinAssign2\XamarinAssign2.Android\XamarinAssign2.Android.csproj", "{F1850B07-D057-4740-B7DB-6E127C58270B}"
EndProject
Project("{FAE04EC0-301F-11D3-BF4B-00C04F79EFBC}") = "XamarinAssign2.iOS", "XamarinAssign2\XamarinAssign2.iOS\XamarinAssign2.iOS.csproj", "{FEA7E20C-0FED-4DEC-B36D-A4B3586715BB}"
EndProject
Project("{FAE04EC0-301F-11D3-BF4B-00C04F79EFBC}") = "XamarinAssign2", "XamarinAssign2\XamarinAssign2\XamarinAssign2.csproj", "{EF97768D-6F48-4DF4-A012-9C161113E4DB}"
EndProject
Global
	GlobalSection(SolutionConfigurationPlatforms) = preSolution
		Debug|Any CPU = Debug|Any CPU
		Debug|ARM = Debug|ARM
		Debug|iPhone = Debug|iPhone
		Debug|iPhoneSimulator = Debug|iPhoneSimulator
		Debug|x64 = Debug|x64
		Debug|x86 = Debug|x86
		Release|Any CPU = Release|Any CPU
		Release|ARM = Release|ARM
		Release|iPhone = Release|iPhone
		Release|iPhoneSimulator = Release|iPhoneSimulator
		Release|x64 = Release|x64
		Release|x86 = Release|x86
	EndGlobalSection
	GlobalSection(ProjectConfigurationPlatforms) = postSolution
		{82FF60F7-7646-46AC-A295-7601916EA3F8}.Debug|Any CPU.ActiveCfg = Debug|x86
		{82FF60F7-7646-46AC-A295-7601916EA3F8}.Debug|Any CPU.Build.0 = Debug|x86
		{82FF60F7-7646-46AC-A295-7601916EA3F8}.Debug|Any CPU.Deploy.0 = Debug|x86
		{82FF60F7-7646-46AC-A295-7601916EA3F8}.Debug|ARM.ActiveCfg = Debug|ARM
		{82FF60F7-7646-46AC-A295-7601916EA3F8}.Debug|ARM.Build.0 = Debug|ARM
		{82FF60F7-7646-46AC-A295-7601916EA3F8}.Debug|ARM.Deploy.0 = Debug|ARM
		{82FF60F7-7646-46AC-A295-7601916EA3F8}.Debug|iPhone.ActiveCfg = Debug|x86
		{82FF60F7-7646-46AC-A295-7601916EA3F8}.Debug|iPhone.Build.0 = Debug|x86
		{82FF60F7-7646-46AC-A295-7601916EA3F8}.Debug|iPhone.Deploy.0 = Debug|x86
		{82FF60F7-7646-46AC-A295-7601916EA3F8}.Debug|iPhoneSimulator.ActiveCfg = Debug|x86
		{82FF60F7-7646-46AC-A295-7601916EA3F8}.Debug|iPhoneSimulator.Build.0 = Debug|x86
		{82FF60F7-7646-46AC-A295-7601916EA3F8}.Debug|iPhoneSimulator.Deploy.0 = Debug|x86
		{82FF60F7-7646-46AC-A295-7601916EA3F8}.Debug|x64.ActiveCfg = Debug|x64
		{82FF60F7-7646-46AC-A295-7601916EA3F8}.Debug|x64.Build.0 = Debug|x64
		{82FF60F7-7646-46AC-A295-7601916EA3F8}.Debug|x64.Deploy.0 = Debug|x64
		{82FF60F7-7646-46AC-A295-7601916EA3F8}.Debug|x86.ActiveCfg = Debug|x86
		{82FF60F7-7646-46AC-A295-7601916EA3F8}.Debug|x86.Build.0 = Debug|x86
		{82FF60F7-7646-46AC-A295-7601916EA3F8}.Debug|x86.Deploy.0 = Debug|x86
		{82FF60F7-7646-46AC-A295-7601916EA3F8}.Release|Any CPU.ActiveCfg = Release|x86
		{82FF60F7-7646-46AC-A295-7601916EA3F8}.Release|Any CPU.Build.0 = Release|x86
		{82FF60F7-7646-46AC-A295-7601916EA3F8}.Release|Any CPU.Deploy.0 = Release|x86
		{82FF60F7-7646-46AC-A295-7601916EA3F8}.Release|ARM.ActiveCfg = Release|ARM
		{82FF60F7-7646-46AC-A295-7601916EA3F8}.Release|ARM.Build.0 = Release|ARM
		{82FF60F7-7646-46AC-A295-7601916EA3F8}.Release|ARM.Deploy.0 = Release|ARM
		{82FF60F7-7646-46AC-A295-7601916EA3F8}.Release|iPhone.ActiveCfg = Release|x86
		{82FF60F7-7646-46AC-A295-7601916EA3F8}.Release|iPhone.Build.0 = Release|x86
		{82FF60F7-7646-46AC-A295-7601916EA3F8}.Release|iPhone.Deploy.0 = Release|x86
		{82FF60F7-7646-46AC-A295-7601916EA3F8}.Release|iPhoneSimulator.ActiveCfg = Release|x86
		{82FF60F7-7646-46AC-A295-7601916EA3F8}.Release|iPhoneSimulator.Build.0 = Release|x86
		{82FF60F7-7646-46AC-A295-7601916EA3F8}.Release|iPhoneSimulator.Deploy.0 = Release|x86
		{82FF60F7-7646-46AC-A295-7601916EA3F8}.Release|x64.ActiveCfg = Release|x64
		{82FF60F7-7646-46AC-A295-7601916EA3F8}.Release|x64.Build.0 = Release|x64
		{82FF60F7-7646-46AC-A295-7601916EA3F8}.Release|x64.Deploy.0 = Release|x64
		{82FF60F7-7646-46AC-A295-7601916EA3F8}.Release|x86.ActiveCfg = Release|x86
		{82FF60F7-7646-46AC-A295-7601916EA3F8}.Release|x86.Build.0 = Release|x86
		{82FF60F7-7646-46AC-A295-7601916EA3F8}.Release|x86.Deploy.0 = Release|x86
		{F1850B07-D057-4740-B7DB-6E127C58270B}.Debug|Any CPU.ActiveCfg = Debug|Any CPU
		{F1850B07-D057-4740-B7DB-6E127C58270B}.Debug|Any CPU.Build.0 = Debug|Any CPU
		{F1850B07-D057-4740-B7DB-6E127C58270B}.Debug|Any CPU.Deploy.0 = Debug|Any CPU
		{F1850B07-D057-4740-B7DB-6E127C58270B}.Debug|ARM.ActiveCfg = Debug|Any CPU
		{F1850B07-D057-4740-B7DB-6E127C58270B}.Debug|ARM.Build.0 = Debug|Any CPU
		{F1850B07-D057-4740-B7DB-6E127C58270B}.Debug|ARM.Deploy.0 = Debug|Any CPU
		{F1850B07-D057-4740-B7DB-6E127C58270B}.Debug|iPhone.ActiveCfg = Debug|Any CPU
		{F1850B07-D057-4740-B7DB-6E127C58270B}.Debug|iPhone.Build.0 = Debug|Any CPU
		{F1850B07-D057-4740-B7DB-6E127C58270B}.Debug|iPhone.Deploy.0 = Debug|Any CPU
		{F1850B07-D057-4740-B7DB-6E127C58270B}.Debug|iPhoneSimulator.ActiveCfg = Debug|Any CPU
		{F1850B07-D057-4740-B7DB-6E127C58270B}.Debug|iPhoneSimulator.Build.0 = Debug|Any CPU
		{F1850B07-D057-4740-B7DB-6E127C58270B}.Debug|iPhoneSimulator.Deploy.0 = Debug|Any CPU
		{F1850B07-D057-4740-B7DB-6E127C58270B}.Debug|x64.ActiveCfg = Debug|Any CPU
		{F1850B07-D057-4740-B7DB-6E127C58270B}.Debug|x64.Build.0 = Debug|Any CPU
		{F1850B07-D057-4740-B7DB-6E127C58270B}.Debug|x64.Deploy.0 = Debug|Any CPU
		{F1850B07-D057-4740-B7DB-6E127C58270B}.Debug|x86.ActiveCfg = Debug|Any CPU
		{F1850B07-D057-4740-B7DB-6E127C58270B}.Debug|x86.Build.0 = Debug|Any CPU
		{F1850B07-D057-4740-B7DB-6E127C58270B}.Debug|x86.Deploy.0 = Debug|Any CPU
		{F1850B07-D057-4740-B7DB-6E127C58270B}.Release|Any CPU.ActiveCfg = Release|Any CPU
		{F1850B07-D057-4740-B7DB-6E127C58270B}.Release|Any CPU.Build.0 = Release|Any CPU
		{F1850B07-D057-4740-B7DB-6E127C58270B}.Release|Any CPU.Deploy.0 = Release|Any CPU
		{F1850B07-D057-4740-B7DB-6E127C58270B}.Release|ARM.ActiveCfg = Release|Any CPU
		{F1850B07-D057-4740-B7DB-6E127C58270B}.Release|ARM.Build.0 = Release|Any CPU
		{F1850B07-D057-4740-B7DB-6E127C58270B}.Release|ARM.Deploy.0 = Release|Any CPU
		{F1850B07-D057-4740-B7DB-6E127C58270B}.Release|iPhone.ActiveCfg = Release|Any CPU
		{F1850B07-D057-4740-B7DB-6E127C58270B}.Release|iPhone.Build.0 = Release|Any CPU
		{F1850B07-D057-4740-B7DB-6E127C58270B}.Release|iPhone.Deploy.0 = Release|Any CPU
		{F1850B07-D057-4740-B7DB-6E127C58270B}.Release|iPhoneSimulator.ActiveCfg = Release|Any CPU
		{F1850B07-D057-4740-B7DB-6E127C58270B}.Release|iPhoneSimulator.Build.0 = Release|Any CPU
		{F1850B07-D057-4740-B7DB-6E127C58270B}.Release|iPhoneSimulator.Deploy.0 = Release|Any CPU
		{F1850B07-D057-4740-B7DB-6E127C58270B}.Release|x64.ActiveCfg = Release|Any CPU
		{F1850B07-D057-4740-B7DB-6E127C58270B}.Release|x64.Build.0 = Release|Any CPU
		{F1850B07-D057-4740-B7DB-6E127C58270B}.Release|x64.Deploy.0 = Release|Any CPU
		{F1850B07-D057-4740-B7DB-6E127C58270B}.Release|x86.ActiveCfg = Release|Any CPU
		{F1850B07-D057-4740-B7DB-6E127C58270B}.Release|x86.Build.0 = Release|Any CPU
		{F1850B07-D057-4740-B7DB-6E127C58270B}.Release|x86.Deploy.0 = Release|Any CPU
		{FEA7E20C-0FED-4DEC-B36D-A4B3586715BB}.Debug|Any CPU.ActiveCfg = Debug|iPhone
		{FEA7E20C-0FED-4DEC-B36D-A4B3586715BB}.Debug|Any CPU.Build.0 = Debug|iPhone
		{FEA7E20C-0FED-4DEC-B36D-A4B3586715BB}.Debug|Any CPU.Deploy.0 = Debug|iPhone
		{FEA7E20C-0FED-4DEC-B36D-A4B3586715BB}.Debug|ARM.ActiveCfg = Debug|iPhoneSimulator
		{FEA7E20C-0FED-4DEC-B36D-A4B3586715BB}.Debug|ARM.Build.0 = Debug|iPhoneSimulator
		{FEA7E20C-0FED-4DEC-B36D-A4B3586715BB}.Debug|ARM.Deploy.0 = Debug|iPhoneSimulator
		{FEA7E20C-0FED-4DEC-B36D-A4B3586715BB}.Debug|iPhone.ActiveCfg = Debug|iPhone
		{FEA7E20C-0FED-4DEC-B36D-A4B3586715BB}.Debug|iPhone.Build.0 = Debug|iPhone
		{FEA7E20C-0FED-4DEC-B36D-A4B3586715BB}.Debug|iPhone.Deploy.0 = Debug|iPhone
		{FEA7E20C-0FED-4DEC-B36D-A4B3586715BB}.Debug|iPhoneSimulator.ActiveCfg = Debug|iPhoneSimulator
		{FEA7E20C-0FED-4DEC-B36D-A4B3586715BB}.Debug|iPhoneSimulator.Build.0 = Debug|iPhoneSimulator
		{FEA7E20C-0FED-4DEC-B36D-A4B3586715BB}.Debug|iPhoneSimulator.Deploy.0 = Debug|iPhoneSimulator
		{FEA7E20C-0FED-4DEC-B36D-A4B3586715BB}.Debug|x64.ActiveCfg = Debug|iPhone
		{FEA7E20C-0FED-4DEC-B36D-A4B3586715BB}.Debug|x64.Build.0 = Debug|iPhone
		{FEA7E20C-0FED-4DEC-B36D-A4B3586715BB}.Debug|x64.Deploy.0 = Debug|iPhone
		{FEA7E20C-0FED-4DEC-B36D-A4B3586715BB}.Debug|x86.ActiveCfg = Debug|iPhone
		{FEA7E20C-0FED-4DEC-B36D-A4B3586715BB}.Debug|x86.Build.0 = Debug|iPhone
		{FEA7E20C-0FED-4DEC-B36D-A4B3586715BB}.Debug|x86.Deploy.0 = Debug|iPhone
		{FEA7E20C-0FED-4DEC-B36D-A4B3586715BB}.Release|Any CPU.ActiveCfg = Release|iPhone
		{FEA7E20C-0FED-4DEC-B36D-A4B3586715BB}.Release|Any CPU.Build.0 = Release|iPhone
		{FEA7E20C-0FED-4DEC-B36D-A4B3586715BB}.Release|Any CPU.Deploy.0 = Release|iPhone
		{FEA7E20C-0FED-4DEC-B36D-A4B3586715BB}.Release|ARM.ActiveCfg = Release|iPhone
		{FEA7E20C-0FED-4DEC-B36D-A4B3586715BB}.Release|ARM.Build.0 = Release|iPhone
		{FEA7E20C-0FED-4DEC-B36D-A4B3586715BB}.Release|ARM.Deploy.0 = Release|iPhone
		{FEA7E20C-0FED-4DEC-B36D-A4B3586715BB}.Release|iPhone.ActiveCfg = Release|iPhone
		{FEA7E20C-0FED-4DEC-B36D-A4B3586715BB}.Release|iPhone.Build.0 = Release|iPhone
		{FEA7E20C-0FED-4DEC-B36D-A4B3586715BB}.Release|iPhone.Deploy.0 = Release|iPhone
		{FEA7E20C-0FED-4DEC-B36D-A4B3586715BB}.Release|iPhoneSimulator.ActiveCfg = Release|iPhoneSimulator
		{FEA7E20C-0FED-4DEC-B36D-A4B3586715BB}.Release|iPhoneSimulator.Build.0 = Release|iPhoneSimulator
		{FEA7E20C-0FED-4DEC-B36D-A4B3586715BB}.Release|iPhoneSimulator.Deploy.0 = Release|iPhoneSimulator
		{FEA7E20C-0FED-4DEC-B36D-A4B3586715BB}.Release|x64.ActiveCfg = Release|iPhone
		{FEA7E20C-0FED-4DEC-B36D-A4B3586715BB}.Release|x64.Build.0 = Release|iPhone
		{FEA7E20C-0FED-4DEC-B36D-A4B3586715BB}.Release|x64.Deploy.0 = Release|iPhone
		{FEA7E20C-0FED-4DEC-B36D-A4B3586715BB}.Release|x86.ActiveCfg = Release|iPhone
		{FEA7E20C-0FED-4DEC-B36D-A4B3586715BB}.Release|x86.Build.0 = Release|iPhone
		{FEA7E20C-0FED-4DEC-B36D-A4B3586715BB}.Release|x86.Deploy.0 = Release|iPhone
		{EF97768D-6F48-4DF4-A012-9C161113E4DB}.Debug|Any CPU.ActiveCfg = Debug|Any CPU
		{EF97768D-6F48-4DF4-A012-9C161113E4DB}.Debug|Any CPU.Build.0 = Debug|Any CPU
		{EF97768D-6F48-4DF4-A012-9C161113E4DB}.Debug|Any CPU.Deploy.0 = Debug|Any CPU
		{EF97768D-6F48-4DF4-A012-9C161113E4DB}.Debug|ARM.ActiveCfg = Debug|Any CPU
		{EF97768D-6F48-4DF4-A012-9C161113E4DB}.Debug|ARM.Build.0 = Debug|Any CPU
		{EF97768D-6F48-4DF4-A012-9C161113E4DB}.Debug|ARM.Deploy.0 = Debug|Any CPU
		{EF97768D-6F48-4DF4-A012-9C161113E4DB}.Debug|iPhone.ActiveCfg = Debug|Any CPU
		{EF97768D-6F48-4DF4-A012-9C161113E4DB}.Debug|iPhone.Build.0 = Debug|Any CPU
		{EF97768D-6F48-4DF4-A012-9C161113E4DB}.Debug|iPhone.Deploy.0 = Debug|Any CPU
		{EF97768D-6F48-4DF4-A012-9C161113E4DB}.Debug|iPhoneSimulator.ActiveCfg = Debug|Any CPU
		{EF97768D-6F48-4DF4-A012-9C161113E4DB}.Debug|iPhoneSimulator.Build.0 = Debug|Any CPU
		{EF97768D-6F48-4DF4-A012-9C161113E4DB}.Debug|iPhoneSimulator.Deploy.0 = Debug|Any CPU
		{EF97768D-6F48-4DF4-A012-9C161113E4DB}.Debug|x64.ActiveCfg = Debug|Any CPU
		{EF97768D-6F48-4DF4-A012-9C161113E4DB}.Debug|x64.Build.0 = Debug|Any CPU
		{EF97768D-6F48-4DF4-A012-9C161113E4DB}.Debug|x64.Deploy.0 = Debug|Any CPU
		{EF97768D-6F48-4DF4-A012-9C161113E4DB}.Debug|x86.ActiveCfg = Debug|Any CPU
		{EF97768D-6F48-4DF4-A012-9C161113E4DB}.Debug|x86.Build.0 = Debug|Any CPU
		{EF97768D-6F48-4DF4-A012-9C161113E4DB}.Debug|x86.Deploy.0 = Debug|Any CPU
		{EF97768D-6F48-4DF4-A012-9C161113E4DB}.Release|Any CPU.ActiveCfg = Release|Any CPU
		{EF97768D-6F48-4DF4-A012-9C161113E4DB}.Release|Any CPU.Build.0 = Release|Any CPU
		{EF97768D-6F48-4DF4-A012-9C161113E4DB}.Release|Any CPU.Deploy.0 = Release|Any CPU
		{EF97768D-6F48-4DF4-A012-9C161113E4DB}.Release|ARM.ActiveCfg = Release|Any CPU
		{EF97768D-6F48-4DF4-A012-9C161113E4DB}.Release|ARM.Build.0 = Release|Any CPU
		{EF97768D-6F48-4DF4-A012-9C161113E4DB}.Release|ARM.Deploy.0 = Release|Any CPU
		{EF97768D-6F48-4DF4-A012-9C161113E4DB}.Release|iPhone.ActiveCfg = Release|Any CPU
		{EF97768D-6F48-4DF4-A012-9C161113E4DB}.Release|iPhone.Build.0 = Release|Any CPU
		{EF97768D-6F48-4DF4-A012-9C161113E4DB}.Release|iPhone.Deploy.0 = Release|Any CPU
		{EF97768D-6F48-4DF4-A012-9C161113E4DB}.Release|iPhoneSimulator.ActiveCfg = Release|Any CPU
		{EF97768D-6F48-4DF4-A012-9C161113E4DB}.Release|iPhoneSimulator.Build.0 = Release|Any CPU
		{EF97768D-6F48-4DF4-A012-9C161113E4DB}.Release|iPhoneSimulator.Deploy.0 = Release|Any CPU
		{EF97768D-6F48-4DF4-A012-9C161113E4DB}.Release|x64.ActiveCfg = Release|Any CPU
		{EF97768D-6F48-4DF4-A012-9C161113E4DB}.Release|x64.Build.0 = Release|Any CPU
		{EF97768D-6F48-4DF4-A012-9C161113E4DB}.Release|x64.Deploy.0 = Release|Any CPU
		{EF97768D-6F48-4DF4-A012-9C161113E4DB}.Release|x86.ActiveCfg = Release|Any CPU
		{EF97768D-6F48-4DF4-A012-9C161113E4DB}.Release|x86.Build.0 = Release|Any CPU
		{EF97768D-6F48-4DF4-A012-9C161113E4DB}.Release|x86.Deploy.0 = Release|Any CPU
	EndGlobalSection
	GlobalSection(SolutionProperties) = preSolution
		HideSolutionNode = FALSE
	EndGlobalSection
	GlobalSection(ExtensibilityGlobals) = postSolution
		SolutionGuid = {863CF89A-CA5B-4D5F-960B-EBEDFC8542D8}
	EndGlobalSection
EndGlobal
